{
  "name": "deploy-programs",
  "version": "1.0.0",
  "lockfileVersion": 3,
  "requires": true,
  "packages": {
    "": {
      "name": "deploy-programs",
      "version": "1.0.0",
      "license": "MIT",
      "dependencies": {
        "qtools-asynchronous-pipe-plus": "^1.0.2",
        "qtools-config-file-processor": "^1.0.15",
        "qtools-functional-library": "^1.1.15",
        "qtools-parse-command-line": "^1.0.5",
        "ssh2": "^1.14.0"
      }
    },
    "node_modules/asn1": {
      "version": "0.2.6",
      "resolved": "https://registry.npmjs.org/asn1/-/asn1-0.2.6.tgz",
      "integrity": "sha512-ix/FxPn0MDjeyJ7i/yoHGFt/EX6LyNbxSEhPPXODPL+KB0VPk86UYfL0lMdy+KCnv+fmvIzySwaK5COwqVbWTQ==",
      "dependencies": {
        "safer-buffer": "~2.1.0"
      }
    },
    "node_modules/bcrypt-pbkdf": {
      "version": "1.0.2",
      "resolved": "https://registry.npmjs.org/bcrypt-pbkdf/-/bcrypt-pbkdf-1.0.2.tgz",
      "integrity": "sha1-pDAdOJtqQ/m2f/PKEaP2Y342Dp4=",
      "dependencies": {
        "tweetnacl": "^0.14.3"
      }
    },
    "node_modules/buildcheck": {
      "version": "0.0.6",
      "resolved": "https://registry.npmjs.org/buildcheck/-/buildcheck-0.0.6.tgz",
      "integrity": "sha512-8f9ZJCUXyT1M35Jx7MkBgmBMo3oHTTBIPLiY9xyL0pl3T5RwcPEY8cUHr5LBNfu/fk6c2T4DJZuVM/8ZZT2D2A==",
      "optional": true,
      "engines": {
        "node": ">=10.0.0"
      }
    },
    "node_modules/cpu-features": {
      "version": "0.0.9",
      "resolved": "https://registry.npmjs.org/cpu-features/-/cpu-features-0.0.9.tgz",
      "integrity": "sha512-AKjgn2rP2yJyfbepsmLfiYcmtNn/2eUvocUyM/09yB0YDiz39HteK/5/T4Onf0pmdYDMgkBoGvRLvEguzyL7wQ==",
      "hasInstallScript": true,
      "optional": true,
      "dependencies": {
        "buildcheck": "~0.0.6",
        "nan": "^2.17.0"
      },
      "engines": {
        "node": ">=10.0.0"
      }
    },
    "node_modules/lodash": {
      "version": "4.17.21",
      "resolved": "https://registry.npmjs.org/lodash/-/lodash-4.17.21.tgz",
      "integrity": "sha512-v2kDEe57lecTulaDIuNTPy3Ry4gLGJ6Z1O3vE1krgXZNrsQ+LFTGHVxVjcXPs17LhbZVGedAJv8XZ1tvj5FvSg=="
    },
    "node_modules/multi-ini": {
      "version": "2.1.2",
      "resolved": "https://registry.npmjs.org/multi-ini/-/multi-ini-2.1.2.tgz",
      "integrity": "sha512-m7G4SF3bo/VM+iyeiIlCvBVD0GY2NQ/PHh+H6y3sEYaRJ3fFeKo5/6e0O15B17+KpqDZ9ia+JBo8d7ZUYiEucw==",
      "dependencies": {
        "lodash": "^4.0.0"
      }
    },
    "node_modules/nan": {
      "version": "2.18.0",
      "resolved": "https://registry.npmjs.org/nan/-/nan-2.18.0.tgz",
      "integrity": "sha512-W7tfG7vMOGtD30sHoZSSc/JVYiyDPEyQVso/Zz+/uQd0B0L46gtC+pHha5FFMRpil6fm/AoEcRWyOVi4+E/f8w==",
      "optional": true
    },
    "node_modules/qtools-asynchronous-pipe-plus": {
      "version": "1.0.2",
      "resolved": "https://registry.npmjs.org/qtools-asynchronous-pipe-plus/-/qtools-asynchronous-pipe-plus-1.0.2.tgz",
      "integrity": "sha512-azJzkgKWYs/rP1xV3m30E7FJJeKSfRf5iy0KqNbyrNMo4cBU42p0yZCRJn7VW5Nh2VmvP6iFAPoS91JognHIMA=="
    },
    "node_modules/qtools-config-file-processor": {
      "version": "1.0.15",
      "resolved": "https://registry.npmjs.org/qtools-config-file-processor/-/qtools-config-file-processor-1.0.15.tgz",
      "integrity": "sha512-vHWDXpy2zAGaGdn9uXBXh4yIC8m/g2phCT6FRJPNXp8AVW6+VWdGrR6c2XULNNyrx+jN+cNSiuyWD226DDdrNw==",
      "dependencies": {
        "multi-ini": "^2.1.2"
      }
    },
    "node_modules/qtools-functional-library": {
      "version": "1.1.15",
      "resolved": "https://registry.npmjs.org/qtools-functional-library/-/qtools-functional-library-1.1.15.tgz",
      "integrity": "sha512-3xNF4j8AHiIFHTUUaTgiPrnFGICa/MbgDc7gqWPKcMToNkBBqat62sPZ6Jq/lOZmfjevhhCBulLZUx3JYuWrAg=="
    },
    "node_modules/qtools-parse-command-line": {
      "version": "1.0.5",
      "resolved": "https://registry.npmjs.org/qtools-parse-command-line/-/qtools-parse-command-line-1.0.5.tgz",
      "integrity": "sha512-06TkTSQEZYMI3kGvAmFlBSR/B032R9rkH0reNhJ1woBfc4VSj8fW7L6LhzhrlmQPDrPuuNBePIGTXcnQAFjAlQ=="
    },
    "node_modules/safer-buffer": {
      "version": "2.1.2",
      "resolved": "https://registry.npmjs.org/safer-buffer/-/safer-buffer-2.1.2.tgz",
      "integrity": "sha512-YZo3K82SD7Riyi0E1EQPojLz7kpepnSQI9IyPbHHg1XXXevb5dJI7tpyN2ADxGcQbHG7vcyRHk0cbwqcQriUtg=="
    },
    "node_modules/ssh2": {
      "version": "1.14.0",
      "resolved": "https://registry.npmjs.org/ssh2/-/ssh2-1.14.0.tgz",
      "integrity": "sha512-AqzD1UCqit8tbOKoj6ztDDi1ffJZ2rV2SwlgrVVrHPkV5vWqGJOVp5pmtj18PunkPJAuKQsnInyKV+/Nb2bUnA==",
      "hasInstallScript": true,
      "dependencies": {
        "asn1": "^0.2.6",
        "bcrypt-pbkdf": "^1.0.2"
      },
      "engines": {
        "node": ">=10.16.0"
      },
      "optionalDependencies": {
        "cpu-features": "~0.0.8",
        "nan": "^2.17.0"
      }
    },
    "node_modules/tweetnacl": {
      "version": "0.14.5",
      "resolved": "https://registry.npmjs.org/tweetnacl/-/tweetnacl-0.14.5.tgz",
      "integrity": "sha1-WuaBd/GS1EViadEIr6k/+HQ/T2Q="
    }
  }
}
