{
  "name": "assemble-configuration-show-help-maybe-exit",
  "version": "1.0.0",
  "lockfileVersion": 1,
  "requires": true,
  "dependencies": {
    "qtools-asynchronous-pipe-plus": {
      "version": "1.0.1",
      "resolved": "https://registry.npmjs.org/qtools-asynchronous-pipe-plus/-/qtools-asynchronous-pipe-plus-1.0.1.tgz",
      "integrity": "sha512-eELsDrzpyKbAgYpY76ET7BK3hsfd5tF98sKoabItKS12PVSs2rGTfp5iavrmzGJedcueFPbvrpKr3aORKA6Deg=="
    }
  }
}
